PODS:
  - Alamofire (5.6.4)
  - Kingfisher (7.8.1)

DEPENDENCIES:
  - Alamofire
  - Kingfisher

SPEC REPOS:
  trunk:
    - Alamofire
    - Kingfisher

SPEC CHECKSUMS:
  Alamofire: 4e95d97098eacb88856099c4fc79b526a299e48c
  Kingfisher: 63f677311d36a3473f6b978584f8a3845d023dc5

PODFILE CHECKSUM: b18f7200b975ebb523070af2b06c3179182d0e53

COCOAPODS: 1.11.3
